<?xml version="1.0" encoding="utf-8"?>
<Project ToolsVersion="4.0" xmlns="http://schemas.microsoft.com/developer/msbuild/2003">
  <ItemGroup>
    <Filter Include="Source">
      <UniqueIdentifier>{eb292887-227f-4bce-bcf9-c820fc63b702}</UniqueIdentifier>
    </Filter>
    <Filter Include="Header">
      <UniqueIdentifier>{542a901c-78cb-461a-a022-ea15e2137b7e}</UniqueIdentifier>
    </Filter>
  </ItemGroup>
  <ItemGroup>
    <ClInclude Include="stdafx.h">
      <Filter>Header</Filter>
    </ClInclude>
    <ClInclude Include="wnd.h">
      <Filter>Header</Filter>
    </ClInclude>
    <ClInclude Include="app.h">
      <Filter>Header</Filter>
    </ClInclude>
    <ClInclude Include="utility.h">
      <Filter>Header</Filter>
    </ClInclude>
  </ItemGroup>
  <ItemGroup>
    <ClCompile Include="stdafx.cpp">
      <Filter>Source</Filter>
    </ClCompile>
    <ClCompile Include="app.cpp">
      <Filter>Source</Filter>
    </ClCompile>
    <ClCompile Include="wnd.cpp">
      <Filter>Source</Filter>
    </ClCompile>
  </ItemGroup>
</Project>